
Microsoft Visual Studio Solution File, Format Version 12.00
# Visual Studio 15
VisualStudioVersion = 15.0.27703.2026
MinimumVisualStudioVersion = 10.0.40219.1
Project("{FAE04EC0-301F-11D3-BF4B-00C04F79EFBC}") = "Altuntas", "Altuntas\Altuntas.csproj", "{6001F3A1-808E-4E13-9AE8-108D670F1B09}"
EndProject
Global
	GlobalSection(SolutionConfigurationPlatforms) = preSolution
		Debug|Any CPU = Debug|Any CPU
		Release|Any CPU = Release|Any CPU
	EndGlobalSection
	GlobalSection(ProjectConfigurationPlatforms) = postSolution
		{6001F3A1-808E-4E13-9AE8-108D670F1B09}.Debug|Any CPU.ActiveCfg = Debug|Any CPU
		{6001F3A1-808E-4E13-9AE8-108D670F1B09}.Debug|Any CPU.Build.0 = Debug|Any CPU
		{6001F3A1-808E-4E13-9AE8-108D670F1B09}.Release|Any CPU.ActiveCfg = Release|Any CPU
		{6001F3A1-808E-4E13-9AE8-108D670F1B09}.Release|Any CPU.Build.0 = Release|Any CPU
	EndGlobalSection
	GlobalSection(SolutionProperties) = preSolution
		HideSolutionNode = FALSE
	EndGlobalSection
	GlobalSection(ExtensibilityGlobals) = postSolution
		SolutionGuid = {2F4B8145-B6DC-45A2-809D-78F9C4AC6FAB}
	EndGlobalSection
EndGlobal
